github.com/c2fo/testify v0.0.0-20150827203832-fba96363964a h1:lXGVReN5qeiyu6AZpIgYJN1PoXSy1koT3nUP3ZRMWm0=
github.com/c2fo/testify v0.0.0-20150827203832-fba96363964a/go.mod h1:NWprYCk3t+OPBp2UnxQ39EF9vPpUzoMr498TiqMA8jU=
github.com/luthfiyufajjiru/errorwrap v1.0.1 h1:Xtum/ddQosYwUd5791qFlrtIU1CasqPY81AyB9VpqSQ=
github.com/luthfiyufajjiru/errorwrap v1.0.1/go.mod h1:JEYdteIuwaVfK51OWfnKuMrIDVm7skAnMPlkA6Gc5/8=
